
Microsoft Visual Studio Solution File, Format Version 12.00
# Visual Studio 15
VisualStudioVersion = 15.0.28307.102
MinimumVisualStudioVersion = 10.0.40219.1
Project("{8BC9CEB8-8B4A-11D0-8D11-00A0C91BC942}") = "Dll1", "Dll1\Dll1.vcxproj", "{B9A049E5-8C0F-4D7F-A2AD-4F7976D6AB22}"
EndProject
Project("{9A19103F-16F7-4668-BE54-9A1E7A4F7556}") = "MsTest.Dnc.Tests", "MsTest.Dnc.Tests\MsTest.Dnc.Tests.csproj", "{80CED91E-AA00-4CD4-BA76-0DC9604FF0F3}"
EndProject
Project("{9A19103F-16F7-4668-BE54-9A1E7A4F7556}") = "CnslApp.Dnc.Tests", "CnslApp.Dnc.Tests\CnslApp.Dnc.Tests.csproj", "{C5371544-50BB-4077-AA2D-AA00A785FE09}"
EndProject
Project("{FAE04EC0-301F-11D3-BF4B-00C04F79EFBC}") = "CnslApp.Dnf.Tests", "CnslApp.Dnf.Tests\CnslApp.Dnf.Tests.csproj", "{A7ACD098-DC26-4B25-8910-083D62AEAF64}"
EndProject
Project("{FAE04EC0-301F-11D3-BF4B-00C04F79EFBC}") = "MsTest.Dnf.Tests", "MsTest.Dnf.Tests\MsTest.Dnf.Tests.csproj", "{A9D22328-A73E-426E-88C9-439BA6096747}"
EndProject
Project("{2150E333-8FDC-42A3-9474-1A3956D46DE8}") = "Solution Items", "Solution Items", "{1720A7FB-7587-4E98-8C35-5E3C7581FD49}"
	ProjectSection(SolutionItems) = preProject
		azfndn.PublishSettings = azfndn.PublishSettings
		README.md = README.md
	EndProjectSection
EndProject
Project("{8BC9CEB8-8B4A-11D0-8D11-00A0C91BC942}") = "Dll2", "Dll2\Dll2.vcxproj", "{1829E34E-D13E-4803-8EE2-2161ED121467}"
EndProject
Project("{9A19103F-16F7-4668-BE54-9A1E7A4F7556}") = "AzWebApp1", "AzWebApp1\AzWebApp1.csproj", "{AD1E61BF-437B-43CC-98B8-9761B88D3679}"
	ProjectSection(ProjectDependencies) = postProject
		{B9A049E5-8C0F-4D7F-A2AD-4F7976D6AB22} = {B9A049E5-8C0F-4D7F-A2AD-4F7976D6AB22}
	EndProjectSection
EndProject
Project("{9A19103F-16F7-4668-BE54-9A1E7A4F7556}") = "AzFuncApp1", "AzFuncApp1\AzFuncApp1.csproj", "{DC06EA60-FA4E-48B5-A382-9CF417F21DC1}"
	ProjectSection(ProjectDependencies) = postProject
		{B9A049E5-8C0F-4D7F-A2AD-4F7976D6AB22} = {B9A049E5-8C0F-4D7F-A2AD-4F7976D6AB22}
	EndProjectSection
EndProject
Global
	GlobalSection(SolutionConfigurationPlatforms) = preSolution
		Debug|Any CPU = Debug|Any CPU
		Debug|x64 = Debug|x64
		Debug|x86 = Debug|x86
		Release|Any CPU = Release|Any CPU
		Release|x64 = Release|x64
		Release|x86 = Release|x86
	EndGlobalSection
	GlobalSection(ProjectConfigurationPlatforms) = postSolution
		{B9A049E5-8C0F-4D7F-A2AD-4F7976D6AB22}.Debug|Any CPU.ActiveCfg = Debug|Win32
		{B9A049E5-8C0F-4D7F-A2AD-4F7976D6AB22}.Debug|x64.ActiveCfg = Debug|x64
		{B9A049E5-8C0F-4D7F-A2AD-4F7976D6AB22}.Debug|x64.Build.0 = Debug|x64
		{B9A049E5-8C0F-4D7F-A2AD-4F7976D6AB22}.Debug|x86.ActiveCfg = Debug|Win32
		{B9A049E5-8C0F-4D7F-A2AD-4F7976D6AB22}.Debug|x86.Build.0 = Debug|Win32
		{B9A049E5-8C0F-4D7F-A2AD-4F7976D6AB22}.Release|Any CPU.ActiveCfg = Release|Win32
		{B9A049E5-8C0F-4D7F-A2AD-4F7976D6AB22}.Release|x64.ActiveCfg = Release|x64
		{B9A049E5-8C0F-4D7F-A2AD-4F7976D6AB22}.Release|x64.Build.0 = Release|x64
		{B9A049E5-8C0F-4D7F-A2AD-4F7976D6AB22}.Release|x86.ActiveCfg = Release|Win32
		{B9A049E5-8C0F-4D7F-A2AD-4F7976D6AB22}.Release|x86.Build.0 = Release|Win32
		{80CED91E-AA00-4CD4-BA76-0DC9604FF0F3}.Debug|Any CPU.ActiveCfg = Debug|Any CPU
		{80CED91E-AA00-4CD4-BA76-0DC9604FF0F3}.Debug|Any CPU.Build.0 = Debug|Any CPU
		{80CED91E-AA00-4CD4-BA76-0DC9604FF0F3}.Debug|x64.ActiveCfg = Debug|Any CPU
		{80CED91E-AA00-4CD4-BA76-0DC9604FF0F3}.Debug|x64.Build.0 = Debug|Any CPU
		{80CED91E-AA00-4CD4-BA76-0DC9604FF0F3}.Debug|x86.ActiveCfg = Debug|Any CPU
		{80CED91E-AA00-4CD4-BA76-0DC9604FF0F3}.Debug|x86.Build.0 = Debug|Any CPU
		{80CED91E-AA00-4CD4-BA76-0DC9604FF0F3}.Release|Any CPU.ActiveCfg = Release|Any CPU
		{80CED91E-AA00-4CD4-BA76-0DC9604FF0F3}.Release|Any CPU.Build.0 = Release|Any CPU
		{80CED91E-AA00-4CD4-BA76-0DC9604FF0F3}.Release|x64.ActiveCfg = Release|Any CPU
		{80CED91E-AA00-4CD4-BA76-0DC9604FF0F3}.Release|x64.Build.0 = Release|Any CPU
		{80CED91E-AA00-4CD4-BA76-0DC9604FF0F3}.Release|x86.ActiveCfg = Release|Any CPU
		{80CED91E-AA00-4CD4-BA76-0DC9604FF0F3}.Release|x86.Build.0 = Release|Any CPU
		{C5371544-50BB-4077-AA2D-AA00A785FE09}.Debug|Any CPU.ActiveCfg = Debug|Any CPU
		{C5371544-50BB-4077-AA2D-AA00A785FE09}.Debug|Any CPU.Build.0 = Debug|Any CPU
		{C5371544-50BB-4077-AA2D-AA00A785FE09}.Debug|x64.ActiveCfg = Debug|Any CPU
		{C5371544-50BB-4077-AA2D-AA00A785FE09}.Debug|x64.Build.0 = Debug|Any CPU
		{C5371544-50BB-4077-AA2D-AA00A785FE09}.Debug|x86.ActiveCfg = Debug|Any CPU
		{C5371544-50BB-4077-AA2D-AA00A785FE09}.Debug|x86.Build.0 = Debug|Any CPU
		{C5371544-50BB-4077-AA2D-AA00A785FE09}.Release|Any CPU.ActiveCfg = Release|Any CPU
		{C5371544-50BB-4077-AA2D-AA00A785FE09}.Release|Any CPU.Build.0 = Release|Any CPU
		{C5371544-50BB-4077-AA2D-AA00A785FE09}.Release|x64.ActiveCfg = Release|Any CPU
		{C5371544-50BB-4077-AA2D-AA00A785FE09}.Release|x64.Build.0 = Release|Any CPU
		{C5371544-50BB-4077-AA2D-AA00A785FE09}.Release|x86.ActiveCfg = Release|Any CPU
		{C5371544-50BB-4077-AA2D-AA00A785FE09}.Release|x86.Build.0 = Release|Any CPU
		{A7ACD098-DC26-4B25-8910-083D62AEAF64}.Debug|Any CPU.ActiveCfg = Debug|Any CPU
		{A7ACD098-DC26-4B25-8910-083D62AEAF64}.Debug|Any CPU.Build.0 = Debug|Any CPU
		{A7ACD098-DC26-4B25-8910-083D62AEAF64}.Debug|x64.ActiveCfg = Debug|Any CPU
		{A7ACD098-DC26-4B25-8910-083D62AEAF64}.Debug|x64.Build.0 = Debug|Any CPU
		{A7ACD098-DC26-4B25-8910-083D62AEAF64}.Debug|x86.ActiveCfg = Debug|Any CPU
		{A7ACD098-DC26-4B25-8910-083D62AEAF64}.Debug|x86.Build.0 = Debug|Any CPU
		{A7ACD098-DC26-4B25-8910-083D62AEAF64}.Release|Any CPU.ActiveCfg = Release|Any CPU
		{A7ACD098-DC26-4B25-8910-083D62AEAF64}.Release|Any CPU.Build.0 = Release|Any CPU
		{A7ACD098-DC26-4B25-8910-083D62AEAF64}.Release|x64.ActiveCfg = Release|Any CPU
		{A7ACD098-DC26-4B25-8910-083D62AEAF64}.Release|x64.Build.0 = Release|Any CPU
		{A7ACD098-DC26-4B25-8910-083D62AEAF64}.Release|x86.ActiveCfg = Release|Any CPU
		{A7ACD098-DC26-4B25-8910-083D62AEAF64}.Release|x86.Build.0 = Release|Any CPU
		{A9D22328-A73E-426E-88C9-439BA6096747}.Debug|Any CPU.ActiveCfg = Debug|Any CPU
		{A9D22328-A73E-426E-88C9-439BA6096747}.Debug|Any CPU.Build.0 = Debug|Any CPU
		{A9D22328-A73E-426E-88C9-439BA6096747}.Debug|x64.ActiveCfg = Debug|Any CPU
		{A9D22328-A73E-426E-88C9-439BA6096747}.Debug|x64.Build.0 = Debug|Any CPU
		{A9D22328-A73E-426E-88C9-439BA6096747}.Debug|x86.ActiveCfg = Debug|Any CPU
		{A9D22328-A73E-426E-88C9-439BA6096747}.Debug|x86.Build.0 = Debug|Any CPU
		{A9D22328-A73E-426E-88C9-439BA6096747}.Release|Any CPU.ActiveCfg = Release|Any CPU
		{A9D22328-A73E-426E-88C9-439BA6096747}.Release|Any CPU.Build.0 = Release|Any CPU
		{A9D22328-A73E-426E-88C9-439BA6096747}.Release|x64.ActiveCfg = Release|Any CPU
		{A9D22328-A73E-426E-88C9-439BA6096747}.Release|x64.Build.0 = Release|Any CPU
		{A9D22328-A73E-426E-88C9-439BA6096747}.Release|x86.ActiveCfg = Release|Any CPU
		{A9D22328-A73E-426E-88C9-439BA6096747}.Release|x86.Build.0 = Release|Any CPU
		{1829E34E-D13E-4803-8EE2-2161ED121467}.Debug|Any CPU.ActiveCfg = Debug|Win32
		{1829E34E-D13E-4803-8EE2-2161ED121467}.Debug|x64.ActiveCfg = Debug|x64
		{1829E34E-D13E-4803-8EE2-2161ED121467}.Debug|x64.Build.0 = Debug|x64
		{1829E34E-D13E-4803-8EE2-2161ED121467}.Debug|x86.ActiveCfg = Debug|Win32
		{1829E34E-D13E-4803-8EE2-2161ED121467}.Debug|x86.Build.0 = Debug|Win32
		{1829E34E-D13E-4803-8EE2-2161ED121467}.Release|Any CPU.ActiveCfg = Release|Win32
		{1829E34E-D13E-4803-8EE2-2161ED121467}.Release|x64.ActiveCfg = Release|x64
		{1829E34E-D13E-4803-8EE2-2161ED121467}.Release|x64.Build.0 = Release|x64
		{1829E34E-D13E-4803-8EE2-2161ED121467}.Release|x86.ActiveCfg = Release|Win32
		{1829E34E-D13E-4803-8EE2-2161ED121467}.Release|x86.Build.0 = Release|Win32
		{AD1E61BF-437B-43CC-98B8-9761B88D3679}.Debug|Any CPU.ActiveCfg = Debug|Any CPU
		{AD1E61BF-437B-43CC-98B8-9761B88D3679}.Debug|Any CPU.Build.0 = Debug|Any CPU
		{AD1E61BF-437B-43CC-98B8-9761B88D3679}.Debug|x64.ActiveCfg = Debug|Any CPU
		{AD1E61BF-437B-43CC-98B8-9761B88D3679}.Debug|x64.Build.0 = Debug|Any CPU
		{AD1E61BF-437B-43CC-98B8-9761B88D3679}.Debug|x86.ActiveCfg = Debug|Any CPU
		{AD1E61BF-437B-43CC-98B8-9761B88D3679}.Debug|x86.Build.0 = Debug|Any CPU
		{AD1E61BF-437B-43CC-98B8-9761B88D3679}.Release|Any CPU.ActiveCfg = Release|Any CPU
		{AD1E61BF-437B-43CC-98B8-9761B88D3679}.Release|Any CPU.Build.0 = Release|Any CPU
		{AD1E61BF-437B-43CC-98B8-9761B88D3679}.Release|x64.ActiveCfg = Release|Any CPU
		{AD1E61BF-437B-43CC-98B8-9761B88D3679}.Release|x64.Build.0 = Release|Any CPU
		{AD1E61BF-437B-43CC-98B8-9761B88D3679}.Release|x86.ActiveCfg = Release|Any CPU
		{AD1E61BF-437B-43CC-98B8-9761B88D3679}.Release|x86.Build.0 = Release|Any CPU
		{DC06EA60-FA4E-48B5-A382-9CF417F21DC1}.Debug|Any CPU.ActiveCfg = Debug|Any CPU
		{DC06EA60-FA4E-48B5-A382-9CF417F21DC1}.Debug|Any CPU.Build.0 = Debug|Any CPU
		{DC06EA60-FA4E-48B5-A382-9CF417F21DC1}.Debug|x64.ActiveCfg = Debug|Any CPU
		{DC06EA60-FA4E-48B5-A382-9CF417F21DC1}.Debug|x64.Build.0 = Debug|Any CPU
		{DC06EA60-FA4E-48B5-A382-9CF417F21DC1}.Debug|x86.ActiveCfg = Debug|Any CPU
		{DC06EA60-FA4E-48B5-A382-9CF417F21DC1}.Debug|x86.Build.0 = Debug|Any CPU
		{DC06EA60-FA4E-48B5-A382-9CF417F21DC1}.Release|Any CPU.ActiveCfg = Release|Any CPU
		{DC06EA60-FA4E-48B5-A382-9CF417F21DC1}.Release|Any CPU.Build.0 = Release|Any CPU
		{DC06EA60-FA4E-48B5-A382-9CF417F21DC1}.Release|x64.ActiveCfg = Release|Any CPU
		{DC06EA60-FA4E-48B5-A382-9CF417F21DC1}.Release|x64.Build.0 = Release|Any CPU
		{DC06EA60-FA4E-48B5-A382-9CF417F21DC1}.Release|x86.ActiveCfg = Release|Any CPU
		{DC06EA60-FA4E-48B5-A382-9CF417F21DC1}.Release|x86.Build.0 = Release|Any CPU
	EndGlobalSection
	GlobalSection(SolutionProperties) = preSolution
		HideSolutionNode = FALSE
	EndGlobalSection
	GlobalSection(ExtensibilityGlobals) = postSolution
		SolutionGuid = {BD839800-5000-4E73-923B-6A89F8B0997E}
	EndGlobalSection
EndGlobal
