
Microsoft Visual Studio Solution File, Format Version 12.00
# Visual Studio 15
VisualStudioVersion = 15.0.28307.102
MinimumVisualStudioVersion = 10.0.40219.1
Project("{8BC9CEB8-8B4A-11D0-8D11-00A0C91BC942}") = "Dll1", "Dll1\Dll1.vcxproj", "{B9A049E5-8C0F-4D7F-A2AD-4F7976D6AB22}"
EndProject
Global
	GlobalSection(SolutionConfigurationPlatforms) = preSolution
		Debug|x64 = Debug|x64
		Debug|x86 = Debug|x86
		Release|x64 = Release|x64
		Release|x86 = Release|x86
	EndGlobalSection
	GlobalSection(ProjectConfigurationPlatforms) = postSolution
		{B9A049E5-8C0F-4D7F-A2AD-4F7976D6AB22}.Debug|x64.ActiveCfg = Debug|x64
		{B9A049E5-8C0F-4D7F-A2AD-4F7976D6AB22}.Debug|x64.Build.0 = Debug|x64
		{B9A049E5-8C0F-4D7F-A2AD-4F7976D6AB22}.Debug|x86.ActiveCfg = Debug|Win32
		{B9A049E5-8C0F-4D7F-A2AD-4F7976D6AB22}.Debug|x86.Build.0 = Debug|Win32
		{B9A049E5-8C0F-4D7F-A2AD-4F7976D6AB22}.Release|x64.ActiveCfg = Release|x64
		{B9A049E5-8C0F-4D7F-A2AD-4F7976D6AB22}.Release|x64.Build.0 = Release|x64
		{B9A049E5-8C0F-4D7F-A2AD-4F7976D6AB22}.Release|x86.ActiveCfg = Release|Win32
		{B9A049E5-8C0F-4D7F-A2AD-4F7976D6AB22}.Release|x86.Build.0 = Release|Win32
	EndGlobalSection
	GlobalSection(SolutionProperties) = preSolution
		HideSolutionNode = FALSE
	EndGlobalSection
	GlobalSection(ExtensibilityGlobals) = postSolution
		SolutionGuid = {BD839800-5000-4E73-923B-6A89F8B0997E}
	EndGlobalSection
EndGlobal
